
Microsoft Visual Studio Solution File, Format Version 12.00
# Visual Studio 14
VisualStudioVersion = 14.0.25420.1
MinimumVisualStudioVersion = 10.0.40219.1
Project("{FAE04EC0-301F-11D3-BF4B-00C04F79EFBC}") = "Sort_to_folders", "Sort_to_folders\Sort_to_folders.csproj", "{ECCA8DA9-F647-47D2-8493-4AAF25865E4D}"
EndProject
Project("{FAE04EC0-301F-11D3-BF4B-00C04F79EFBC}") = "Test_for_DZ-1", "Test_for_DZ-1\Test_for_DZ-1.csproj", "{B22CAA2A-F3BB-46D6-BC4D-619B2D39A582}"
EndProject
Global
	GlobalSection(SolutionConfigurationPlatforms) = preSolution
		Debug|Any CPU = Debug|Any CPU
		Release|Any CPU = Release|Any CPU
	EndGlobalSection
	GlobalSection(ProjectConfigurationPlatforms) = postSolution
		{ECCA8DA9-F647-47D2-8493-4AAF25865E4D}.Debug|Any CPU.ActiveCfg = Debug|Any CPU
		{ECCA8DA9-F647-47D2-8493-4AAF25865E4D}.Debug|Any CPU.Build.0 = Debug|Any CPU
		{ECCA8DA9-F647-47D2-8493-4AAF25865E4D}.Release|Any CPU.ActiveCfg = Release|Any CPU
		{ECCA8DA9-F647-47D2-8493-4AAF25865E4D}.Release|Any CPU.Build.0 = Release|Any CPU
		{B22CAA2A-F3BB-46D6-BC4D-619B2D39A582}.Debug|Any CPU.ActiveCfg = Debug|Any CPU
		{B22CAA2A-F3BB-46D6-BC4D-619B2D39A582}.Debug|Any CPU.Build.0 = Debug|Any CPU
		{B22CAA2A-F3BB-46D6-BC4D-619B2D39A582}.Release|Any CPU.ActiveCfg = Release|Any CPU
		{B22CAA2A-F3BB-46D6-BC4D-619B2D39A582}.Release|Any CPU.Build.0 = Release|Any CPU
	EndGlobalSection
	GlobalSection(SolutionProperties) = preSolution
		HideSolutionNode = FALSE
	EndGlobalSection
EndGlobal
