
Microsoft Visual Studio Solution File, Format Version 12.00
# Visual Studio 14
VisualStudioVersion = 14.0.25420.1
MinimumVisualStudioVersion = 10.0.40219.1
Project("{FAE04EC0-301F-11D3-BF4B-00C04F79EFBC}") = "number 3-1", "number 3-1\number 3-1.csproj", "{B9ADC166-D62C-408A-AD6A-94F8684C2EC4}"
EndProject
Global
	GlobalSection(SolutionConfigurationPlatforms) = preSolution
		Debug|Any CPU = Debug|Any CPU
		Release|Any CPU = Release|Any CPU
	EndGlobalSection
	GlobalSection(ProjectConfigurationPlatforms) = postSolution
		{B9ADC166-D62C-408A-AD6A-94F8684C2EC4}.Debug|Any CPU.ActiveCfg = Debug|Any CPU
		{B9ADC166-D62C-408A-AD6A-94F8684C2EC4}.Debug|Any CPU.Build.0 = Debug|Any CPU
		{B9ADC166-D62C-408A-AD6A-94F8684C2EC4}.Release|Any CPU.ActiveCfg = Release|Any CPU
		{B9ADC166-D62C-408A-AD6A-94F8684C2EC4}.Release|Any CPU.Build.0 = Release|Any CPU
	EndGlobalSection
	GlobalSection(SolutionProperties) = preSolution
		HideSolutionNode = FALSE
	EndGlobalSection
EndGlobal
